
Microsoft Visual Studio Solution File, Format Version 12.00
# Visual Studio Version 16
VisualStudioVersion = 16.0.28922.388
MinimumVisualStudioVersion = 10.0.40219.1
Project("{9A19103F-16F7-4668-BE54-9A1E7A4F7556}") = "ConsoleApp1", "ConsoleApp1\ConsoleApp1.csproj", "{4F9FED92-DD39-42B6-964E-0C37032443CE}"
EndProject
Project("{2150E333-8FDC-42A3-9474-1A3956D46DE8}") = "Source", "Source", "{BE2CD683-B0BA-495E-AF5F-99D4AEBEBE4B}"
EndProject
Project("{2150E333-8FDC-42A3-9474-1A3956D46DE8}") = "Tests", "Tests", "{71144CB8-64D0-4884-AC0F-8F1686C74A79}"
EndProject
Project("{9A19103F-16F7-4668-BE54-9A1E7A4F7556}") = "DsuDev.BusinessDays.Domain", "Source\Domain\DsuDev.BusinessDays.Domain.csproj", "{6DC82FB2-55CB-47F2-9F89-C8368F4A346C}"
EndProject
Project("{9A19103F-16F7-4668-BE54-9A1E7A4F7556}") = "DsuDev.BusinessDays.Services", "Source\Services\DsuDev.BusinessDays.Services.csproj", "{C6D38071-B746-48B9-8501-A39A24D9034D}"
EndProject
Project("{9A19103F-16F7-4668-BE54-9A1E7A4F7556}") = "DsuDev.BusinessDays.Common", "Source\Common\DsuDev.BusinessDays.Common.csproj", "{BE4A852B-9315-43CC-87CC-CEB9C674A367}"
EndProject
Project("{2150E333-8FDC-42A3-9474-1A3956D46DE8}") = "Common", "Common", "{FAD19F1C-161E-4608-9ECF-96A4DD033EB0}"
EndProject
Project("{2150E333-8FDC-42A3-9474-1A3956D46DE8}") = "Domain", "Domain", "{8437A4AF-9297-427C-9638-AA190BC771D2}"
EndProject
Project("{2150E333-8FDC-42A3-9474-1A3956D46DE8}") = "DataAccess", "DataAccess", "{F0F15B9E-7C79-424F-84B0-CE5EE8F464A5}"
EndProject
Project("{2150E333-8FDC-42A3-9474-1A3956D46DE8}") = "Services", "Services", "{3BC0A9E1-A2F1-4DBF-8E46-B4CAE1FB21D5}"
EndProject
Project("{2150E333-8FDC-42A3-9474-1A3956D46DE8}") = "UI", "UI", "{69A51220-E61F-431B-9E4C-80809EDA737F}"
EndProject
Project("{2150E333-8FDC-42A3-9474-1A3956D46DE8}") = "Other", "Other", "{F9F9C51C-A03E-4E29-A6AB-92EBCFB6FCC0}"
EndProject
Project("{2150E333-8FDC-42A3-9474-1A3956D46DE8}") = "Domain", "Domain", "{843C4BEA-76E3-4B89-9729-943F347CDB46}"
EndProject
Project("{2150E333-8FDC-42A3-9474-1A3956D46DE8}") = "Services", "Services", "{EAFBB841-BC59-4F61-85C8-FDD59FDDBC84}"
EndProject
Project("{2150E333-8FDC-42A3-9474-1A3956D46DE8}") = "UnitTests", "UnitTests", "{524BBAC7-8039-4330-BB4B-DC2870839EDF}"
EndProject
Project("{9A19103F-16F7-4668-BE54-9A1E7A4F7556}") = "DsuDev.BusinessDays.DataAccess", "Source\DataAccess\DsuDev.BusinessDays.DataAccess.csproj", "{6ECC51DF-609A-4191-BCC6-DDEDE4835BCA}"
EndProject
Project("{9A19103F-16F7-4668-BE54-9A1E7A4F7556}") = "DsuDev.BusinessDays.DataAccess.SQLite", "Source\DataAccess.SQLite\DsuDev.BusinessDays.DataAccess.SQLite.csproj", "{4F6761D2-9B23-492A-9C2D-C2417EC1AE7A}"
EndProject
Project("{9A19103F-16F7-4668-BE54-9A1E7A4F7556}") = "DsuDev.BusinessDays.Common.Tools", "Source\Common.Tools\DsuDev.BusinessDays.Common.Tools.csproj", "{064DCA83-3C3A-423D-8D2A-0668D79FCF06}"
EndProject
Project("{2150E333-8FDC-42A3-9474-1A3956D46DE8}") = "Helper", "Helper", "{05400C8B-C56A-48EC-A560-A95694ADAFAB}"
EndProject
Project("{9A19103F-16F7-4668-BE54-9A1E7A4F7556}") = "DsuDev.BusinessDays.Domain.Tests", "Tests\UT\Domain.Tests\DsuDev.BusinessDays.Domain.Tests.csproj", "{0B2E1EC2-020B-4E6F-9125-9356FDB4A4AE}"
EndProject
Project("{9A19103F-16F7-4668-BE54-9A1E7A4F7556}") = "DsuDev.BusinessDays.Services.Tests", "Tests\UT\Services.Tests\DsuDev.BusinessDays.Services.Tests.csproj", "{BFD93C2C-1FE6-419A-A21D-4466D744DAC4}"
EndProject
Project("{2150E333-8FDC-42A3-9474-1A3956D46DE8}") = "IntegrationTests", "IntegrationTests", "{C22D3897-50B3-4DC7-8C81-A157325F1CAE}"
EndProject
Project("{2150E333-8FDC-42A3-9474-1A3956D46DE8}") = "FunctionalTests", "FunctionalTests", "{DE4096B0-1297-4CD4-A98E-7D30E04505E9}"
EndProject
Project("{2150E333-8FDC-42A3-9474-1A3956D46DE8}") = "Automated", "Automated", "{6EA8FA69-F3EB-4712-9EFC-C5C1A8018E84}"
EndProject
Project("{9A19103F-16F7-4668-BE54-9A1E7A4F7556}") = "DsuDev.BusinessDays.Tests.Helper", "Tests\Tests.Helper\DsuDev.BusinessDays.Tests.Helper.csproj", "{5E87A541-5FE0-4B5B-80D8-5CAE15D586BB}"
EndProject
Project("{9A19103F-16F7-4668-BE54-9A1E7A4F7556}") = "DsuDev.BusinessDays.Services.API", "Source\Services.API\DsuDev.BusinessDays.Services.API.csproj", "{07C9DFEE-78DE-4EE3-BC41-4BCC13404D65}"
EndProject
Global
	GlobalSection(SolutionConfigurationPlatforms) = preSolution
		Debug|Any CPU = Debug|Any CPU
		Release|Any CPU = Release|Any CPU
	EndGlobalSection
	GlobalSection(ProjectConfigurationPlatforms) = postSolution
		{4F9FED92-DD39-42B6-964E-0C37032443CE}.Debug|Any CPU.ActiveCfg = Debug|Any CPU
		{4F9FED92-DD39-42B6-964E-0C37032443CE}.Debug|Any CPU.Build.0 = Debug|Any CPU
		{4F9FED92-DD39-42B6-964E-0C37032443CE}.Release|Any CPU.ActiveCfg = Release|Any CPU
		{4F9FED92-DD39-42B6-964E-0C37032443CE}.Release|Any CPU.Build.0 = Release|Any CPU
		{6DC82FB2-55CB-47F2-9F89-C8368F4A346C}.Debug|Any CPU.ActiveCfg = Debug|Any CPU
		{6DC82FB2-55CB-47F2-9F89-C8368F4A346C}.Debug|Any CPU.Build.0 = Debug|Any CPU
		{6DC82FB2-55CB-47F2-9F89-C8368F4A346C}.Release|Any CPU.ActiveCfg = Release|Any CPU
		{6DC82FB2-55CB-47F2-9F89-C8368F4A346C}.Release|Any CPU.Build.0 = Release|Any CPU
		{C6D38071-B746-48B9-8501-A39A24D9034D}.Debug|Any CPU.ActiveCfg = Debug|Any CPU
		{C6D38071-B746-48B9-8501-A39A24D9034D}.Debug|Any CPU.Build.0 = Debug|Any CPU
		{C6D38071-B746-48B9-8501-A39A24D9034D}.Release|Any CPU.ActiveCfg = Release|Any CPU
		{C6D38071-B746-48B9-8501-A39A24D9034D}.Release|Any CPU.Build.0 = Release|Any CPU
		{BE4A852B-9315-43CC-87CC-CEB9C674A367}.Debug|Any CPU.ActiveCfg = Debug|Any CPU
		{BE4A852B-9315-43CC-87CC-CEB9C674A367}.Debug|Any CPU.Build.0 = Debug|Any CPU
		{BE4A852B-9315-43CC-87CC-CEB9C674A367}.Release|Any CPU.ActiveCfg = Release|Any CPU
		{BE4A852B-9315-43CC-87CC-CEB9C674A367}.Release|Any CPU.Build.0 = Release|Any CPU
		{6ECC51DF-609A-4191-BCC6-DDEDE4835BCA}.Debug|Any CPU.ActiveCfg = Debug|Any CPU
		{6ECC51DF-609A-4191-BCC6-DDEDE4835BCA}.Debug|Any CPU.Build.0 = Debug|Any CPU
		{6ECC51DF-609A-4191-BCC6-DDEDE4835BCA}.Release|Any CPU.ActiveCfg = Release|Any CPU
		{6ECC51DF-609A-4191-BCC6-DDEDE4835BCA}.Release|Any CPU.Build.0 = Release|Any CPU
		{4F6761D2-9B23-492A-9C2D-C2417EC1AE7A}.Debug|Any CPU.ActiveCfg = Debug|Any CPU
		{4F6761D2-9B23-492A-9C2D-C2417EC1AE7A}.Debug|Any CPU.Build.0 = Debug|Any CPU
		{4F6761D2-9B23-492A-9C2D-C2417EC1AE7A}.Release|Any CPU.ActiveCfg = Release|Any CPU
		{4F6761D2-9B23-492A-9C2D-C2417EC1AE7A}.Release|Any CPU.Build.0 = Release|Any CPU
		{064DCA83-3C3A-423D-8D2A-0668D79FCF06}.Debug|Any CPU.ActiveCfg = Debug|Any CPU
		{064DCA83-3C3A-423D-8D2A-0668D79FCF06}.Debug|Any CPU.Build.0 = Debug|Any CPU
		{064DCA83-3C3A-423D-8D2A-0668D79FCF06}.Release|Any CPU.ActiveCfg = Release|Any CPU
		{064DCA83-3C3A-423D-8D2A-0668D79FCF06}.Release|Any CPU.Build.0 = Release|Any CPU
		{0B2E1EC2-020B-4E6F-9125-9356FDB4A4AE}.Debug|Any CPU.ActiveCfg = Debug|Any CPU
		{0B2E1EC2-020B-4E6F-9125-9356FDB4A4AE}.Debug|Any CPU.Build.0 = Debug|Any CPU
		{0B2E1EC2-020B-4E6F-9125-9356FDB4A4AE}.Release|Any CPU.ActiveCfg = Release|Any CPU
		{0B2E1EC2-020B-4E6F-9125-9356FDB4A4AE}.Release|Any CPU.Build.0 = Release|Any CPU
		{BFD93C2C-1FE6-419A-A21D-4466D744DAC4}.Debug|Any CPU.ActiveCfg = Debug|Any CPU
		{BFD93C2C-1FE6-419A-A21D-4466D744DAC4}.Debug|Any CPU.Build.0 = Debug|Any CPU
		{BFD93C2C-1FE6-419A-A21D-4466D744DAC4}.Release|Any CPU.ActiveCfg = Release|Any CPU
		{BFD93C2C-1FE6-419A-A21D-4466D744DAC4}.Release|Any CPU.Build.0 = Release|Any CPU
		{5E87A541-5FE0-4B5B-80D8-5CAE15D586BB}.Debug|Any CPU.ActiveCfg = Debug|Any CPU
		{5E87A541-5FE0-4B5B-80D8-5CAE15D586BB}.Debug|Any CPU.Build.0 = Debug|Any CPU
		{5E87A541-5FE0-4B5B-80D8-5CAE15D586BB}.Release|Any CPU.ActiveCfg = Release|Any CPU
		{5E87A541-5FE0-4B5B-80D8-5CAE15D586BB}.Release|Any CPU.Build.0 = Release|Any CPU
		{07C9DFEE-78DE-4EE3-BC41-4BCC13404D65}.Debug|Any CPU.ActiveCfg = Debug|Any CPU
		{07C9DFEE-78DE-4EE3-BC41-4BCC13404D65}.Debug|Any CPU.Build.0 = Debug|Any CPU
		{07C9DFEE-78DE-4EE3-BC41-4BCC13404D65}.Release|Any CPU.ActiveCfg = Release|Any CPU
		{07C9DFEE-78DE-4EE3-BC41-4BCC13404D65}.Release|Any CPU.Build.0 = Release|Any CPU
	EndGlobalSection
	GlobalSection(SolutionProperties) = preSolution
		HideSolutionNode = FALSE
	EndGlobalSection
	GlobalSection(NestedProjects) = preSolution
		{4F9FED92-DD39-42B6-964E-0C37032443CE} = {F9F9C51C-A03E-4E29-A6AB-92EBCFB6FCC0}
		{6DC82FB2-55CB-47F2-9F89-C8368F4A346C} = {8437A4AF-9297-427C-9638-AA190BC771D2}
		{C6D38071-B746-48B9-8501-A39A24D9034D} = {3BC0A9E1-A2F1-4DBF-8E46-B4CAE1FB21D5}
		{BE4A852B-9315-43CC-87CC-CEB9C674A367} = {FAD19F1C-161E-4608-9ECF-96A4DD033EB0}
		{FAD19F1C-161E-4608-9ECF-96A4DD033EB0} = {BE2CD683-B0BA-495E-AF5F-99D4AEBEBE4B}
		{8437A4AF-9297-427C-9638-AA190BC771D2} = {BE2CD683-B0BA-495E-AF5F-99D4AEBEBE4B}
		{F0F15B9E-7C79-424F-84B0-CE5EE8F464A5} = {BE2CD683-B0BA-495E-AF5F-99D4AEBEBE4B}
		{3BC0A9E1-A2F1-4DBF-8E46-B4CAE1FB21D5} = {BE2CD683-B0BA-495E-AF5F-99D4AEBEBE4B}
		{69A51220-E61F-431B-9E4C-80809EDA737F} = {BE2CD683-B0BA-495E-AF5F-99D4AEBEBE4B}
		{843C4BEA-76E3-4B89-9729-943F347CDB46} = {524BBAC7-8039-4330-BB4B-DC2870839EDF}
		{EAFBB841-BC59-4F61-85C8-FDD59FDDBC84} = {524BBAC7-8039-4330-BB4B-DC2870839EDF}
		{524BBAC7-8039-4330-BB4B-DC2870839EDF} = {71144CB8-64D0-4884-AC0F-8F1686C74A79}
		{6ECC51DF-609A-4191-BCC6-DDEDE4835BCA} = {F0F15B9E-7C79-424F-84B0-CE5EE8F464A5}
		{4F6761D2-9B23-492A-9C2D-C2417EC1AE7A} = {F0F15B9E-7C79-424F-84B0-CE5EE8F464A5}
		{064DCA83-3C3A-423D-8D2A-0668D79FCF06} = {FAD19F1C-161E-4608-9ECF-96A4DD033EB0}
		{05400C8B-C56A-48EC-A560-A95694ADAFAB} = {71144CB8-64D0-4884-AC0F-8F1686C74A79}
		{0B2E1EC2-020B-4E6F-9125-9356FDB4A4AE} = {843C4BEA-76E3-4B89-9729-943F347CDB46}
		{BFD93C2C-1FE6-419A-A21D-4466D744DAC4} = {EAFBB841-BC59-4F61-85C8-FDD59FDDBC84}
		{C22D3897-50B3-4DC7-8C81-A157325F1CAE} = {71144CB8-64D0-4884-AC0F-8F1686C74A79}
		{DE4096B0-1297-4CD4-A98E-7D30E04505E9} = {71144CB8-64D0-4884-AC0F-8F1686C74A79}
		{6EA8FA69-F3EB-4712-9EFC-C5C1A8018E84} = {71144CB8-64D0-4884-AC0F-8F1686C74A79}
		{5E87A541-5FE0-4B5B-80D8-5CAE15D586BB} = {05400C8B-C56A-48EC-A560-A95694ADAFAB}
		{07C9DFEE-78DE-4EE3-BC41-4BCC13404D65} = {3BC0A9E1-A2F1-4DBF-8E46-B4CAE1FB21D5}
	EndGlobalSection
	GlobalSection(ExtensibilityGlobals) = postSolution
		SolutionGuid = {D13A0C8E-D264-450F-B7CC-FF8151EAA634}
	EndGlobalSection
EndGlobal
