
Microsoft Visual Studio Solution File, Format Version 12.00
# Visual Studio Version 16
VisualStudioVersion = 16.0.28922.388
MinimumVisualStudioVersion = 10.0.40219.1
Project("{9A19103F-16F7-4668-BE54-9A1E7A4F7556}") = "ConsoleApp1", "ConsoleApp1\ConsoleApp1.csproj", "{4F9FED92-DD39-42B6-964E-0C37032443CE}"
EndProject
Project("{2150E333-8FDC-42A3-9474-1A3956D46DE8}") = "Source", "Source", "{BE2CD683-B0BA-495E-AF5F-99D4AEBEBE4B}"
EndProject
Project("{2150E333-8FDC-42A3-9474-1A3956D46DE8}") = "Tests", "Tests", "{71144CB8-64D0-4884-AC0F-8F1686C74A79}"
EndProject
Project("{9A19103F-16F7-4668-BE54-9A1E7A4F7556}") = "DsuDev.BusinessDays.Domain", "Source\Domain\DsuDev.BusinessDays.Domain.csproj", "{6DC82FB2-55CB-47F2-9F89-C8368F4A346C}"
EndProject
Project("{9A19103F-16F7-4668-BE54-9A1E7A4F7556}") = "DsuDev.BusinessDays.Services", "Source\Services\DsuDev.BusinessDays.Services.csproj", "{C6D38071-B746-48B9-8501-A39A24D9034D}"
EndProject
Project("{9A19103F-16F7-4668-BE54-9A1E7A4F7556}") = "DsuDev.BusinessDays.Common.Tools", "Source\Tools\DsuDev.BusinessDays.Common.Tools.csproj", "{0474ED6A-86EB-4873-B4E4-A04172F203D6}"
EndProject
Project("{9A19103F-16F7-4668-BE54-9A1E7A4F7556}") = "DsuDev.BusinessDays.Domain.Tests", "Tests\Domain.Tests\DsuDev.BusinessDays.Domain.Tests.csproj", "{EFB22BFE-03A3-416E-BF2D-A784F5CDAC36}"
EndProject
Project("{9A19103F-16F7-4668-BE54-9A1E7A4F7556}") = "DsuDev.BusinessDays.Services.Tests", "Tests\Services.Tests\DsuDev.BusinessDays.Services.Tests.csproj", "{6F332B53-6C07-4BAD-BE93-C493C175BF36}"
EndProject
Project("{9A19103F-16F7-4668-BE54-9A1E7A4F7556}") = "DsuDev.BusinessDays.Common", "Source\Common\DsuDev.BusinessDays.Common.csproj", "{BE4A852B-9315-43CC-87CC-CEB9C674A367}"
EndProject
Project("{2150E333-8FDC-42A3-9474-1A3956D46DE8}") = "Common", "Common", "{FAD19F1C-161E-4608-9ECF-96A4DD033EB0}"
EndProject
Project("{2150E333-8FDC-42A3-9474-1A3956D46DE8}") = "Domain", "Domain", "{8437A4AF-9297-427C-9638-AA190BC771D2}"
EndProject
Project("{2150E333-8FDC-42A3-9474-1A3956D46DE8}") = "DataAccess", "DataAccess", "{F0F15B9E-7C79-424F-84B0-CE5EE8F464A5}"
EndProject
Project("{2150E333-8FDC-42A3-9474-1A3956D46DE8}") = "Services", "Services", "{3BC0A9E1-A2F1-4DBF-8E46-B4CAE1FB21D5}"
EndProject
Project("{2150E333-8FDC-42A3-9474-1A3956D46DE8}") = "UI", "UI", "{69A51220-E61F-431B-9E4C-80809EDA737F}"
EndProject
Project("{2150E333-8FDC-42A3-9474-1A3956D46DE8}") = "Other", "Other", "{F9F9C51C-A03E-4E29-A6AB-92EBCFB6FCC0}"
EndProject
Project("{2150E333-8FDC-42A3-9474-1A3956D46DE8}") = "Domain", "Domain", "{843C4BEA-76E3-4B89-9729-943F347CDB46}"
EndProject
Project("{2150E333-8FDC-42A3-9474-1A3956D46DE8}") = "Services", "Services", "{EAFBB841-BC59-4F61-85C8-FDD59FDDBC84}"
EndProject
Project("{2150E333-8FDC-42A3-9474-1A3956D46DE8}") = "UnitTests", "UnitTests", "{524BBAC7-8039-4330-BB4B-DC2870839EDF}"
EndProject
Global
	GlobalSection(SolutionConfigurationPlatforms) = preSolution
		Debug|Any CPU = Debug|Any CPU
		Release|Any CPU = Release|Any CPU
	EndGlobalSection
	GlobalSection(ProjectConfigurationPlatforms) = postSolution
		{4F9FED92-DD39-42B6-964E-0C37032443CE}.Debug|Any CPU.ActiveCfg = Debug|Any CPU
		{4F9FED92-DD39-42B6-964E-0C37032443CE}.Debug|Any CPU.Build.0 = Debug|Any CPU
		{4F9FED92-DD39-42B6-964E-0C37032443CE}.Release|Any CPU.ActiveCfg = Release|Any CPU
		{4F9FED92-DD39-42B6-964E-0C37032443CE}.Release|Any CPU.Build.0 = Release|Any CPU
		{6DC82FB2-55CB-47F2-9F89-C8368F4A346C}.Debug|Any CPU.ActiveCfg = Debug|Any CPU
		{6DC82FB2-55CB-47F2-9F89-C8368F4A346C}.Debug|Any CPU.Build.0 = Debug|Any CPU
		{6DC82FB2-55CB-47F2-9F89-C8368F4A346C}.Release|Any CPU.ActiveCfg = Release|Any CPU
		{6DC82FB2-55CB-47F2-9F89-C8368F4A346C}.Release|Any CPU.Build.0 = Release|Any CPU
		{C6D38071-B746-48B9-8501-A39A24D9034D}.Debug|Any CPU.ActiveCfg = Debug|Any CPU
		{C6D38071-B746-48B9-8501-A39A24D9034D}.Debug|Any CPU.Build.0 = Debug|Any CPU
		{C6D38071-B746-48B9-8501-A39A24D9034D}.Release|Any CPU.ActiveCfg = Release|Any CPU
		{C6D38071-B746-48B9-8501-A39A24D9034D}.Release|Any CPU.Build.0 = Release|Any CPU
		{0474ED6A-86EB-4873-B4E4-A04172F203D6}.Debug|Any CPU.ActiveCfg = Debug|Any CPU
		{0474ED6A-86EB-4873-B4E4-A04172F203D6}.Debug|Any CPU.Build.0 = Debug|Any CPU
		{0474ED6A-86EB-4873-B4E4-A04172F203D6}.Release|Any CPU.ActiveCfg = Release|Any CPU
		{0474ED6A-86EB-4873-B4E4-A04172F203D6}.Release|Any CPU.Build.0 = Release|Any CPU
		{EFB22BFE-03A3-416E-BF2D-A784F5CDAC36}.Debug|Any CPU.ActiveCfg = Debug|Any CPU
		{EFB22BFE-03A3-416E-BF2D-A784F5CDAC36}.Debug|Any CPU.Build.0 = Debug|Any CPU
		{EFB22BFE-03A3-416E-BF2D-A784F5CDAC36}.Release|Any CPU.ActiveCfg = Release|Any CPU
		{EFB22BFE-03A3-416E-BF2D-A784F5CDAC36}.Release|Any CPU.Build.0 = Release|Any CPU
		{6F332B53-6C07-4BAD-BE93-C493C175BF36}.Debug|Any CPU.ActiveCfg = Debug|Any CPU
		{6F332B53-6C07-4BAD-BE93-C493C175BF36}.Debug|Any CPU.Build.0 = Debug|Any CPU
		{6F332B53-6C07-4BAD-BE93-C493C175BF36}.Release|Any CPU.ActiveCfg = Release|Any CPU
		{6F332B53-6C07-4BAD-BE93-C493C175BF36}.Release|Any CPU.Build.0 = Release|Any CPU
		{BE4A852B-9315-43CC-87CC-CEB9C674A367}.Debug|Any CPU.ActiveCfg = Debug|Any CPU
		{BE4A852B-9315-43CC-87CC-CEB9C674A367}.Debug|Any CPU.Build.0 = Debug|Any CPU
		{BE4A852B-9315-43CC-87CC-CEB9C674A367}.Release|Any CPU.ActiveCfg = Release|Any CPU
		{BE4A852B-9315-43CC-87CC-CEB9C674A367}.Release|Any CPU.Build.0 = Release|Any CPU
	EndGlobalSection
	GlobalSection(SolutionProperties) = preSolution
		HideSolutionNode = FALSE
	EndGlobalSection
	GlobalSection(NestedProjects) = preSolution
		{4F9FED92-DD39-42B6-964E-0C37032443CE} = {F9F9C51C-A03E-4E29-A6AB-92EBCFB6FCC0}
		{6DC82FB2-55CB-47F2-9F89-C8368F4A346C} = {8437A4AF-9297-427C-9638-AA190BC771D2}
		{C6D38071-B746-48B9-8501-A39A24D9034D} = {3BC0A9E1-A2F1-4DBF-8E46-B4CAE1FB21D5}
		{0474ED6A-86EB-4873-B4E4-A04172F203D6} = {FAD19F1C-161E-4608-9ECF-96A4DD033EB0}
		{EFB22BFE-03A3-416E-BF2D-A784F5CDAC36} = {843C4BEA-76E3-4B89-9729-943F347CDB46}
		{6F332B53-6C07-4BAD-BE93-C493C175BF36} = {EAFBB841-BC59-4F61-85C8-FDD59FDDBC84}
		{BE4A852B-9315-43CC-87CC-CEB9C674A367} = {FAD19F1C-161E-4608-9ECF-96A4DD033EB0}
		{FAD19F1C-161E-4608-9ECF-96A4DD033EB0} = {BE2CD683-B0BA-495E-AF5F-99D4AEBEBE4B}
		{8437A4AF-9297-427C-9638-AA190BC771D2} = {BE2CD683-B0BA-495E-AF5F-99D4AEBEBE4B}
		{F0F15B9E-7C79-424F-84B0-CE5EE8F464A5} = {BE2CD683-B0BA-495E-AF5F-99D4AEBEBE4B}
		{3BC0A9E1-A2F1-4DBF-8E46-B4CAE1FB21D5} = {BE2CD683-B0BA-495E-AF5F-99D4AEBEBE4B}
		{69A51220-E61F-431B-9E4C-80809EDA737F} = {BE2CD683-B0BA-495E-AF5F-99D4AEBEBE4B}
		{843C4BEA-76E3-4B89-9729-943F347CDB46} = {524BBAC7-8039-4330-BB4B-DC2870839EDF}
		{EAFBB841-BC59-4F61-85C8-FDD59FDDBC84} = {524BBAC7-8039-4330-BB4B-DC2870839EDF}
		{524BBAC7-8039-4330-BB4B-DC2870839EDF} = {71144CB8-64D0-4884-AC0F-8F1686C74A79}
	EndGlobalSection
	GlobalSection(ExtensibilityGlobals) = postSolution
		SolutionGuid = {D13A0C8E-D264-450F-B7CC-FF8151EAA634}
	EndGlobalSection
EndGlobal
